
Microsoft Visual Studio Solution File, Format Version 12.00
# Visual Studio Version 17
VisualStudioVersion = 17.8.34330.188
MinimumVisualStudioVersion = 10.0.40219.1
Project("{FAE04EC0-301F-11D3-BF4B-00C04F79EFBC}") = "LMS_Backend", "LeaveTracking_Backend\LMS_Backend.csproj", "{AAFA9F10-EB12-4C07-9021-9B86B5361855}"
EndProject
Global
	GlobalSection(SolutionConfigurationPlatforms) = preSolution
		Debug|Any CPU = Debug|Any CPU
		Release|Any CPU = Release|Any CPU
	EndGlobalSection
	GlobalSection(ProjectConfigurationPlatforms) = postSolution
		{AAFA9F10-EB12-4C07-9021-9B86B5361855}.Debug|Any CPU.ActiveCfg = Debug|Any CPU
		{AAFA9F10-EB12-4C07-9021-9B86B5361855}.Debug|Any CPU.Build.0 = Debug|Any CPU
		{AAFA9F10-EB12-4C07-9021-9B86B5361855}.Release|Any CPU.ActiveCfg = Release|Any CPU
		{AAFA9F10-EB12-4C07-9021-9B86B5361855}.Release|Any CPU.Build.0 = Release|Any CPU
	EndGlobalSection
	GlobalSection(SolutionProperties) = preSolution
		HideSolutionNode = FALSE
	EndGlobalSection
	GlobalSection(ExtensibilityGlobals) = postSolution
		SolutionGuid = {FD60CB37-5F6D-4089-9B04-F9D45D44F52C}
	EndGlobalSection
EndGlobal
